
Microsoft Visual Studio Solution File, Format Version 12.00
# Visual Studio 15
VisualStudioVersion = 15.0.27130.2036
MinimumVisualStudioVersion = 10.0.40219.1
Project("{FAE04EC0-301F-11D3-BF4B-00C04F79EFBC}") = "PCSharpBasics", "PCSharpBasics\PCSharpBasics.csproj", "{A682FA70-6665-40FA-A4C2-75FC3EBE6B47}"
EndProject
Project("{FAE04EC0-301F-11D3-BF4B-00C04F79EFBC}") = "UnitTestPCSharpBasics", "UnitTestPCSharpBasics\UnitTestPCSharpBasics.csproj", "{94F08C19-588B-4B6F-9D60-7BB74C5F38EC}"
EndProject
Project("{2150E333-8FDC-42A3-9474-1A3956D46DE8}") = "Solution Items", "Solution Items", "{B3BF19EA-4C23-4286-84A5-DF12250E190F}"
	ProjectSection(SolutionItems) = preProject
		README.md = README.md
	EndProjectSection
EndProject
Project("{FAE04EC0-301F-11D3-BF4B-00C04F79EFBC}") = "Logging", "Logging\Logging.csproj", "{29DA9FED-8E92-4E3B-8258-E42938F22828}"
EndProject
Project("{FAE04EC0-301F-11D3-BF4B-00C04F79EFBC}") = "LoggingWithForm", "LoggingWithForm\LoggingWithForm.csproj", "{3549C395-4596-4229-8DFE-8169AF2A5F24}"
EndProject
Project("{FAE04EC0-301F-11D3-BF4B-00C04F79EFBC}") = "JsonTest1", "JsonTest1\JsonTest1.csproj", "{E8F9ADE7-4E19-413A-8249-8B5C4E9A37AB}"
EndProject
Project("{FAE04EC0-301F-11D3-BF4B-00C04F79EFBC}") = "UnitTestJsonTest1", "UnitTestJsonTest1\UnitTestJsonTest1.csproj", "{A2C88FE0-E51D-46AF-890B-0BE9C77AB1B7}"
EndProject
Project("{FAE04EC0-301F-11D3-BF4B-00C04F79EFBC}") = "UnitTestWithNUnit", "UnitTestWithNUnit\UnitTestWithNUnit.csproj", "{2C1A8673-3C54-4543-9700-691473671228}"
EndProject
Global
	GlobalSection(SolutionConfigurationPlatforms) = preSolution
		Debug|Any CPU = Debug|Any CPU
		Release|Any CPU = Release|Any CPU
	EndGlobalSection
	GlobalSection(ProjectConfigurationPlatforms) = postSolution
		{A682FA70-6665-40FA-A4C2-75FC3EBE6B47}.Debug|Any CPU.ActiveCfg = Debug|Any CPU
		{A682FA70-6665-40FA-A4C2-75FC3EBE6B47}.Debug|Any CPU.Build.0 = Debug|Any CPU
		{A682FA70-6665-40FA-A4C2-75FC3EBE6B47}.Release|Any CPU.ActiveCfg = Release|Any CPU
		{A682FA70-6665-40FA-A4C2-75FC3EBE6B47}.Release|Any CPU.Build.0 = Release|Any CPU
		{94F08C19-588B-4B6F-9D60-7BB74C5F38EC}.Debug|Any CPU.ActiveCfg = Debug|Any CPU
		{94F08C19-588B-4B6F-9D60-7BB74C5F38EC}.Debug|Any CPU.Build.0 = Debug|Any CPU
		{94F08C19-588B-4B6F-9D60-7BB74C5F38EC}.Release|Any CPU.ActiveCfg = Release|Any CPU
		{94F08C19-588B-4B6F-9D60-7BB74C5F38EC}.Release|Any CPU.Build.0 = Release|Any CPU
		{29DA9FED-8E92-4E3B-8258-E42938F22828}.Debug|Any CPU.ActiveCfg = Debug|Any CPU
		{29DA9FED-8E92-4E3B-8258-E42938F22828}.Debug|Any CPU.Build.0 = Debug|Any CPU
		{29DA9FED-8E92-4E3B-8258-E42938F22828}.Release|Any CPU.ActiveCfg = Release|Any CPU
		{29DA9FED-8E92-4E3B-8258-E42938F22828}.Release|Any CPU.Build.0 = Release|Any CPU
		{3549C395-4596-4229-8DFE-8169AF2A5F24}.Debug|Any CPU.ActiveCfg = Debug|Any CPU
		{3549C395-4596-4229-8DFE-8169AF2A5F24}.Debug|Any CPU.Build.0 = Debug|Any CPU
		{3549C395-4596-4229-8DFE-8169AF2A5F24}.Release|Any CPU.ActiveCfg = Release|Any CPU
		{3549C395-4596-4229-8DFE-8169AF2A5F24}.Release|Any CPU.Build.0 = Release|Any CPU
		{E8F9ADE7-4E19-413A-8249-8B5C4E9A37AB}.Debug|Any CPU.ActiveCfg = Debug|Any CPU
		{E8F9ADE7-4E19-413A-8249-8B5C4E9A37AB}.Debug|Any CPU.Build.0 = Debug|Any CPU
		{E8F9ADE7-4E19-413A-8249-8B5C4E9A37AB}.Release|Any CPU.ActiveCfg = Release|Any CPU
		{E8F9ADE7-4E19-413A-8249-8B5C4E9A37AB}.Release|Any CPU.Build.0 = Release|Any CPU
		{A2C88FE0-E51D-46AF-890B-0BE9C77AB1B7}.Debug|Any CPU.ActiveCfg = Debug|Any CPU
		{A2C88FE0-E51D-46AF-890B-0BE9C77AB1B7}.Debug|Any CPU.Build.0 = Debug|Any CPU
		{A2C88FE0-E51D-46AF-890B-0BE9C77AB1B7}.Release|Any CPU.ActiveCfg = Release|Any CPU
		{A2C88FE0-E51D-46AF-890B-0BE9C77AB1B7}.Release|Any CPU.Build.0 = Release|Any CPU
		{2C1A8673-3C54-4543-9700-691473671228}.Debug|Any CPU.ActiveCfg = Debug|Any CPU
		{2C1A8673-3C54-4543-9700-691473671228}.Debug|Any CPU.Build.0 = Debug|Any CPU
		{2C1A8673-3C54-4543-9700-691473671228}.Release|Any CPU.ActiveCfg = Release|Any CPU
		{2C1A8673-3C54-4543-9700-691473671228}.Release|Any CPU.Build.0 = Release|Any CPU
	EndGlobalSection
	GlobalSection(SolutionProperties) = preSolution
		HideSolutionNode = FALSE
	EndGlobalSection
	GlobalSection(ExtensibilityGlobals) = postSolution
		SolutionGuid = {AADDC5F2-1061-4337-BA2E-91A4EBE1354A}
	EndGlobalSection
EndGlobal
